totest.TestClass*
# Blank lines need to be filtered out, so do comments like this

## TestNG Configuration
# Tests with a group-annotation in excluded-groups are not executed:
## excluded-groups=manual,slow
# Tests with a group-annotation in groups are the only ones being executed (overridden by excluded-groups):
## groups=shouldbetested